
Microsoft Visual Studio Solution File, Format Version 12.00
# Visual Studio Version 17
VisualStudioVersion = 17.0.32112.339
MinimumVisualStudioVersion = 10.0.40219.1
Project("{FAE04EC0-301F-11D3-BF4B-00C04F79EFBC}") = "BookStoreApi", "BookStoreApi.csproj", "{14840186-F1DD-4757-893C-8BC338589335}"
EndProject
Global
	GlobalSection(SolutionConfigurationPlatforms) = preSolution
		Debug|Any CPU = Debug|Any CPU
		Release|Any CPU = Release|Any CPU
	EndGlobalSection
	GlobalSection(ProjectConfigurationPlatforms) = postSolution
		{14840186-F1DD-4757-893C-8BC338589335}.Debug|Any CPU.ActiveCfg = Debug|Any CPU
		{14840186-F1DD-4757-893C-8BC338589335}.Debug|Any CPU.Build.0 = Debug|Any CPU
		{14840186-F1DD-4757-893C-8BC338589335}.Release|Any CPU.ActiveCfg = Release|Any CPU
		{14840186-F1DD-4757-893C-8BC338589335}.Release|Any CPU.Build.0 = Release|Any CPU
	EndGlobalSection
	GlobalSection(SolutionProperties) = preSolution
		HideSolutionNode = FALSE
	EndGlobalSection
	GlobalSection(ExtensibilityGlobals) = postSolution
		SolutionGuid = {441CD015-587F-4FCB-B612-FA62BE99236A}
	EndGlobalSection
EndGlobal
